
Microsoft Visual Studio Solution File, Format Version 12.00
# Visual Studio Version 16
VisualStudioVersion = 16.0.31205.134
MinimumVisualStudioVersion = 10.0.40219.1
Project("{FAE04EC0-301F-11D3-BF4B-00C04F79EFBC}") = "Blazor-frontend-wa", "Blazor-frontend-wa\Blazor-frontend-wa.csproj", "{F465E501-13C1-4E3C-BC5A-76FE922810EF}"
EndProject
Global
	GlobalSection(SolutionConfigurationPlatforms) = preSolution
		Debug|Any CPU = Debug|Any CPU
		Release|Any CPU = Release|Any CPU
	EndGlobalSection
	GlobalSection(ProjectConfigurationPlatforms) = postSolution
		{F465E501-13C1-4E3C-BC5A-76FE922810EF}.Debug|Any CPU.ActiveCfg = Debug|Any CPU
		{F465E501-13C1-4E3C-BC5A-76FE922810EF}.Debug|Any CPU.Build.0 = Debug|Any CPU
		{F465E501-13C1-4E3C-BC5A-76FE922810EF}.Release|Any CPU.ActiveCfg = Release|Any CPU
		{F465E501-13C1-4E3C-BC5A-76FE922810EF}.Release|Any CPU.Build.0 = Release|Any CPU
	EndGlobalSection
	GlobalSection(SolutionProperties) = preSolution
		HideSolutionNode = FALSE
	EndGlobalSection
	GlobalSection(ExtensibilityGlobals) = postSolution
		SolutionGuid = {0B222321-ECA4-4177-A38D-378B19BDF1C2}
	EndGlobalSection
EndGlobal
